
Microsoft Visual Studio Solution File, Format Version 12.00
# Visual Studio Version 17
VisualStudioVersion = 17.0.31903.59
MinimumVisualStudioVersion = 10.0.40219.1
Project("{FAE04EC0-301F-11D3-BF4B-00C04F79EFBC}") = "SproutHackathon.API", "SproutHackathon.API\SproutHackathon.API.csproj", "{D7540B0C-420E-4E90-8DE1-1B1F4D701382}"
EndProject
Project("{FAE04EC0-301F-11D3-BF4B-00C04F79EFBC}") = "SproutHackathon.Services", "SproutHackathon.Services\SproutHackathon.Services.csproj", "{9CB8CEF1-9E19-4D21-A3FD-68EB188623AA}"
EndProject
Project("{FAE04EC0-301F-11D3-BF4B-00C04F79EFBC}") = "SproutHackathon.Business", "SproutHackathon.Business\SproutHackathon.Business.csproj", "{C434732A-A4B9-44FF-B1B7-2283301CE077}"
EndProject
Global
	GlobalSection(SolutionConfigurationPlatforms) = preSolution
		Debug|Any CPU = Debug|Any CPU
		Debug|x64 = Debug|x64
		Debug|x86 = Debug|x86
		Release|Any CPU = Release|Any CPU
		Release|x64 = Release|x64
		Release|x86 = Release|x86
	EndGlobalSection
	GlobalSection(ProjectConfigurationPlatforms) = postSolution
		{D7540B0C-420E-4E90-8DE1-1B1F4D701382}.Debug|Any CPU.ActiveCfg = Debug|Any CPU
		{D7540B0C-420E-4E90-8DE1-1B1F4D701382}.Debug|Any CPU.Build.0 = Debug|Any CPU
		{D7540B0C-420E-4E90-8DE1-1B1F4D701382}.Debug|x64.ActiveCfg = Debug|Any CPU
		{D7540B0C-420E-4E90-8DE1-1B1F4D701382}.Debug|x64.Build.0 = Debug|Any CPU
		{D7540B0C-420E-4E90-8DE1-1B1F4D701382}.Debug|x86.ActiveCfg = Debug|Any CPU
		{D7540B0C-420E-4E90-8DE1-1B1F4D701382}.Debug|x86.Build.0 = Debug|Any CPU
		{D7540B0C-420E-4E90-8DE1-1B1F4D701382}.Release|Any CPU.ActiveCfg = Release|Any CPU
		{D7540B0C-420E-4E90-8DE1-1B1F4D701382}.Release|Any CPU.Build.0 = Release|Any CPU
		{D7540B0C-420E-4E90-8DE1-1B1F4D701382}.Release|x64.ActiveCfg = Release|Any CPU
		{D7540B0C-420E-4E90-8DE1-1B1F4D701382}.Release|x64.Build.0 = Release|Any CPU
		{D7540B0C-420E-4E90-8DE1-1B1F4D701382}.Release|x86.ActiveCfg = Release|Any CPU
		{D7540B0C-420E-4E90-8DE1-1B1F4D701382}.Release|x86.Build.0 = Release|Any CPU
		{9CB8CEF1-9E19-4D21-A3FD-68EB188623AA}.Debug|Any CPU.ActiveCfg = Debug|Any CPU
		{9CB8CEF1-9E19-4D21-A3FD-68EB188623AA}.Debug|Any CPU.Build.0 = Debug|Any CPU
		{9CB8CEF1-9E19-4D21-A3FD-68EB188623AA}.Debug|x64.ActiveCfg = Debug|Any CPU
		{9CB8CEF1-9E19-4D21-A3FD-68EB188623AA}.Debug|x64.Build.0 = Debug|Any CPU
		{9CB8CEF1-9E19-4D21-A3FD-68EB188623AA}.Debug|x86.ActiveCfg = Debug|Any CPU
		{9CB8CEF1-9E19-4D21-A3FD-68EB188623AA}.Debug|x86.Build.0 = Debug|Any CPU
		{9CB8CEF1-9E19-4D21-A3FD-68EB188623AA}.Release|Any CPU.ActiveCfg = Release|Any CPU
		{9CB8CEF1-9E19-4D21-A3FD-68EB188623AA}.Release|Any CPU.Build.0 = Release|Any CPU
		{9CB8CEF1-9E19-4D21-A3FD-68EB188623AA}.Release|x64.ActiveCfg = Release|Any CPU
		{9CB8CEF1-9E19-4D21-A3FD-68EB188623AA}.Release|x64.Build.0 = Release|Any CPU
		{9CB8CEF1-9E19-4D21-A3FD-68EB188623AA}.Release|x86.ActiveCfg = Release|Any CPU
		{9CB8CEF1-9E19-4D21-A3FD-68EB188623AA}.Release|x86.Build.0 = Release|Any CPU
		{C434732A-A4B9-44FF-B1B7-2283301CE077}.Debug|Any CPU.ActiveCfg = Debug|Any CPU
		{C434732A-A4B9-44FF-B1B7-2283301CE077}.Debug|Any CPU.Build.0 = Debug|Any CPU
		{C434732A-A4B9-44FF-B1B7-2283301CE077}.Debug|x64.ActiveCfg = Debug|Any CPU
		{C434732A-A4B9-44FF-B1B7-2283301CE077}.Debug|x64.Build.0 = Debug|Any CPU
		{C434732A-A4B9-44FF-B1B7-2283301CE077}.Debug|x86.ActiveCfg = Debug|Any CPU
		{C434732A-A4B9-44FF-B1B7-2283301CE077}.Debug|x86.Build.0 = Debug|Any CPU
		{C434732A-A4B9-44FF-B1B7-2283301CE077}.Release|Any CPU.ActiveCfg = Release|Any CPU
		{C434732A-A4B9-44FF-B1B7-2283301CE077}.Release|Any CPU.Build.0 = Release|Any CPU
		{C434732A-A4B9-44FF-B1B7-2283301CE077}.Release|x64.ActiveCfg = Release|Any CPU
		{C434732A-A4B9-44FF-B1B7-2283301CE077}.Release|x64.Build.0 = Release|Any CPU
		{C434732A-A4B9-44FF-B1B7-2283301CE077}.Release|x86.ActiveCfg = Release|Any CPU
		{C434732A-A4B9-44FF-B1B7-2283301CE077}.Release|x86.Build.0 = Release|Any CPU
	EndGlobalSection
	GlobalSection(SolutionProperties) = preSolution
		HideSolutionNode = FALSE
	EndGlobalSection
EndGlobal
